
Microsoft Visual Studio Solution File, Format Version 12.00
# Visual Studio 15
VisualStudioVersion = 15.0.28307.645
MinimumVisualStudioVersion = 10.0.40219.1
Project("{8BC9CEB8-8B4A-11D0-8D11-00A0C91BC942}") = "2-x звязний список", "2-x звязний список\2-x звязний список.vcxproj", "{532E6A23-4208-4484-8722-C500145B70BD}"
EndProject
Global
	GlobalSection(SolutionConfigurationPlatforms) = preSolution
		Debug|x64 = Debug|x64
		Debug|x86 = Debug|x86
		Release|x64 = Release|x64
		Release|x86 = Release|x86
	EndGlobalSection
	GlobalSection(ProjectConfigurationPlatforms) = postSolution
		{532E6A23-4208-4484-8722-C500145B70BD}.Debug|x64.ActiveCfg = Debug|x64
		{532E6A23-4208-4484-8722-C500145B70BD}.Debug|x64.Build.0 = Debug|x64
		{532E6A23-4208-4484-8722-C500145B70BD}.Debug|x86.ActiveCfg = Debug|Win32
		{532E6A23-4208-4484-8722-C500145B70BD}.Debug|x86.Build.0 = Debug|Win32
		{532E6A23-4208-4484-8722-C500145B70BD}.Release|x64.ActiveCfg = Release|x64
		{532E6A23-4208-4484-8722-C500145B70BD}.Release|x64.Build.0 = Release|x64
		{532E6A23-4208-4484-8722-C500145B70BD}.Release|x86.ActiveCfg = Release|Win32
		{532E6A23-4208-4484-8722-C500145B70BD}.Release|x86.Build.0 = Release|Win32
	EndGlobalSection
	GlobalSection(SolutionProperties) = preSolution
		HideSolutionNode = FALSE
	EndGlobalSection
	GlobalSection(ExtensibilityGlobals) = postSolution
		SolutionGuid = {BCCF47F2-FA9B-4661-BBB3-CA69AF990A12}
	EndGlobalSection
EndGlobal
